
Microsoft Visual Studio Solution File, Format Version 12.00
# Visual Studio Version 17
VisualStudioVersion = 17.10.35122.118
MinimumVisualStudioVersion = 10.0.40219.1
Project("{FAE04EC0-301F-11D3-BF4B-00C04F79EFBC}") = "QLKQHT3", "QLKQHT3.csproj", "{6CC8207A-1960-4895-95C9-13F8904475B6}"
EndProject
Global
	GlobalSection(SolutionConfigurationPlatforms) = preSolution
		Debug|Any CPU = Debug|Any CPU
		Release|Any CPU = Release|Any CPU
	EndGlobalSection
	GlobalSection(ProjectConfigurationPlatforms) = postSolution
		{6CC8207A-1960-4895-95C9-13F8904475B6}.Debug|Any CPU.ActiveCfg = Debug|Any CPU
		{6CC8207A-1960-4895-95C9-13F8904475B6}.Debug|Any CPU.Build.0 = Debug|Any CPU
		{6CC8207A-1960-4895-95C9-13F8904475B6}.Release|Any CPU.ActiveCfg = Release|Any CPU
		{6CC8207A-1960-4895-95C9-13F8904475B6}.Release|Any CPU.Build.0 = Release|Any CPU
	EndGlobalSection
	GlobalSection(SolutionProperties) = preSolution
		HideSolutionNode = FALSE
	EndGlobalSection
	GlobalSection(ExtensibilityGlobals) = postSolution
		SolutionGuid = {A76BDB48-0659-40DD-8F84-5F11FEE7D147}
	EndGlobalSection
EndGlobal
