
Microsoft Visual Studio Solution File, Format Version 12.00
# Visual Studio Version 17
VisualStudioVersion = 17.10.35027.167
MinimumVisualStudioVersion = 10.0.40219.1
Project("{FAE04EC0-301F-11D3-BF4B-00C04F79EFBC}") = "NhapDayTinhTong", "NhapDayTinhTong\NhapDayTinhTong.csproj", "{3DF80C50-C073-42EE-B02C-7D3DE7442FDE}"
EndProject
Global
	GlobalSection(SolutionConfigurationPlatforms) = preSolution
		Debug|Any CPU = Debug|Any CPU
		Release|Any CPU = Release|Any CPU
	EndGlobalSection
	GlobalSection(ProjectConfigurationPlatforms) = postSolution
		{3DF80C50-C073-42EE-B02C-7D3DE7442FDE}.Debug|Any CPU.ActiveCfg = Debug|Any CPU
		{3DF80C50-C073-42EE-B02C-7D3DE7442FDE}.Debug|Any CPU.Build.0 = Debug|Any CPU
		{3DF80C50-C073-42EE-B02C-7D3DE7442FDE}.Release|Any CPU.ActiveCfg = Release|Any CPU
		{3DF80C50-C073-42EE-B02C-7D3DE7442FDE}.Release|Any CPU.Build.0 = Release|Any CPU
	EndGlobalSection
	GlobalSection(SolutionProperties) = preSolution
		HideSolutionNode = FALSE
	EndGlobalSection
	GlobalSection(ExtensibilityGlobals) = postSolution
		SolutionGuid = {C0343B2B-46E4-4A39-80F8-8CA6369F7280}
	EndGlobalSection
EndGlobal
