
Microsoft Visual Studio Solution File, Format Version 12.00
# Visual Studio Version 17
VisualStudioVersion = 17.10.35027.167
MinimumVisualStudioVersion = 10.0.40219.1
Project("{FAE04EC0-301F-11D3-BF4B-00C04F79EFBC}") = "bai3", "bai3\bai3.csproj", "{F52B9E2D-0625-42BE-9304-A7B302E11F4E}"
EndProject
Global
	GlobalSection(SolutionConfigurationPlatforms) = preSolution
		Debug|Any CPU = Debug|Any CPU
		Release|Any CPU = Release|Any CPU
	EndGlobalSection
	GlobalSection(ProjectConfigurationPlatforms) = postSolution
		{F52B9E2D-0625-42BE-9304-A7B302E11F4E}.Debug|Any CPU.ActiveCfg = Debug|Any CPU
		{F52B9E2D-0625-42BE-9304-A7B302E11F4E}.Debug|Any CPU.Build.0 = Debug|Any CPU
		{F52B9E2D-0625-42BE-9304-A7B302E11F4E}.Release|Any CPU.ActiveCfg = Release|Any CPU
		{F52B9E2D-0625-42BE-9304-A7B302E11F4E}.Release|Any CPU.Build.0 = Release|Any CPU
	EndGlobalSection
	GlobalSection(SolutionProperties) = preSolution
		HideSolutionNode = FALSE
	EndGlobalSection
	GlobalSection(ExtensibilityGlobals) = postSolution
		SolutionGuid = {4754A619-5B1E-4F62-9106-FC05FC4603A0}
	EndGlobalSection
EndGlobal
