
Microsoft Visual Studio Solution File, Format Version 12.00
# Visual Studio Version 17
VisualStudioVersion = 17.10.35122.118
MinimumVisualStudioVersion = 10.0.40219.1
Project("{FAE04EC0-301F-11D3-BF4B-00C04F79EFBC}") = "QuanLyBanHoaQua", "QuanLyBanHoaQua.csproj", "{87760FF4-2AEE-43D9-916B-A2504BBD92F6}"
EndProject
Global
	GlobalSection(SolutionConfigurationPlatforms) = preSolution
		Debug|Any CPU = Debug|Any CPU
		Release|Any CPU = Release|Any CPU
	EndGlobalSection
	GlobalSection(ProjectConfigurationPlatforms) = postSolution
		{87760FF4-2AEE-43D9-916B-A2504BBD92F6}.Debug|Any CPU.ActiveCfg = Debug|Any CPU
		{87760FF4-2AEE-43D9-916B-A2504BBD92F6}.Debug|Any CPU.Build.0 = Debug|Any CPU
		{87760FF4-2AEE-43D9-916B-A2504BBD92F6}.Release|Any CPU.ActiveCfg = Release|Any CPU
		{87760FF4-2AEE-43D9-916B-A2504BBD92F6}.Release|Any CPU.Build.0 = Release|Any CPU
	EndGlobalSection
	GlobalSection(SolutionProperties) = preSolution
		HideSolutionNode = FALSE
	EndGlobalSection
	GlobalSection(ExtensibilityGlobals) = postSolution
		SolutionGuid = {7B2C9DD5-7C2D-4DD1-972C-05CA5B63F58C}
	EndGlobalSection
EndGlobal
