
Microsoft Visual Studio Solution File, Format Version 12.00
# Visual Studio Version 17
VisualStudioVersion = 17.10.35122.118
MinimumVisualStudioVersion = 10.0.40219.1
Project("{FAE04EC0-301F-11D3-BF4B-00C04F79EFBC}") = "DanhMucNhanVien", "DanhMucNhanVien.csproj", "{2689D884-859F-4DC7-A713-8386646721BE}"
EndProject
Global
	GlobalSection(SolutionConfigurationPlatforms) = preSolution
		Debug|Any CPU = Debug|Any CPU
		Release|Any CPU = Release|Any CPU
	EndGlobalSection
	GlobalSection(ProjectConfigurationPlatforms) = postSolution
		{2689D884-859F-4DC7-A713-8386646721BE}.Debug|Any CPU.ActiveCfg = Debug|Any CPU
		{2689D884-859F-4DC7-A713-8386646721BE}.Debug|Any CPU.Build.0 = Debug|Any CPU
		{2689D884-859F-4DC7-A713-8386646721BE}.Release|Any CPU.ActiveCfg = Release|Any CPU
		{2689D884-859F-4DC7-A713-8386646721BE}.Release|Any CPU.Build.0 = Release|Any CPU
	EndGlobalSection
	GlobalSection(SolutionProperties) = preSolution
		HideSolutionNode = FALSE
	EndGlobalSection
	GlobalSection(ExtensibilityGlobals) = postSolution
		SolutionGuid = {477FA1A6-A57A-405B-93BD-65C5DADD644A}
	EndGlobalSection
EndGlobal
