
Microsoft Visual Studio Solution File, Format Version 12.00
# Visual Studio Version 17
VisualStudioVersion = 17.10.35122.118
MinimumVisualStudioVersion = 10.0.40219.1
Project("{FAE04EC0-301F-11D3-BF4B-00C04F79EFBC}") = "BT2", "BT2\BT2.csproj", "{A82EB1D7-285C-4D74-AA4B-AECA3DB7795A}"
EndProject
Global
	GlobalSection(SolutionConfigurationPlatforms) = preSolution
		Debug|Any CPU = Debug|Any CPU
		Release|Any CPU = Release|Any CPU
	EndGlobalSection
	GlobalSection(ProjectConfigurationPlatforms) = postSolution
		{A82EB1D7-285C-4D74-AA4B-AECA3DB7795A}.Debug|Any CPU.ActiveCfg = Debug|Any CPU
		{A82EB1D7-285C-4D74-AA4B-AECA3DB7795A}.Debug|Any CPU.Build.0 = Debug|Any CPU
		{A82EB1D7-285C-4D74-AA4B-AECA3DB7795A}.Release|Any CPU.ActiveCfg = Release|Any CPU
		{A82EB1D7-285C-4D74-AA4B-AECA3DB7795A}.Release|Any CPU.Build.0 = Release|Any CPU
	EndGlobalSection
	GlobalSection(SolutionProperties) = preSolution
		HideSolutionNode = FALSE
	EndGlobalSection
	GlobalSection(ExtensibilityGlobals) = postSolution
		SolutionGuid = {19125C70-09D5-4C31-A43E-2B60EC154DD8}
	EndGlobalSection
EndGlobal
